
Microsoft Visual Studio Solution File, Format Version 12.00
# Visual Studio Version 17
VisualStudioVersion = 17.5.001.0
MinimumVisualStudioVersion = 10.0.40219.1
Project("{9A19103F-16F7-4668-BE54-9A1E7A4F7556}") = "Task25", "Task25.csproj", "{FCFF168D-CB5E-4F88-A0EE-3D0172124EE3}"
EndProject
Global
	GlobalSection(SolutionConfigurationPlatforms) = preSolution
		Debug|Any CPU = Debug|Any CPU
		Release|Any CPU = Release|Any CPU
	EndGlobalSection
	GlobalSection(ProjectConfigurationPlatforms) = postSolution
		{FCFF168D-CB5E-4F88-A0EE-3D0172124EE3}.Debug|Any CPU.ActiveCfg = Debug|Any CPU
		{FCFF168D-CB5E-4F88-A0EE-3D0172124EE3}.Debug|Any CPU.Build.0 = Debug|Any CPU
		{FCFF168D-CB5E-4F88-A0EE-3D0172124EE3}.Release|Any CPU.ActiveCfg = Release|Any CPU
		{FCFF168D-CB5E-4F88-A0EE-3D0172124EE3}.Release|Any CPU.Build.0 = Release|Any CPU
	EndGlobalSection
	GlobalSection(SolutionProperties) = preSolution
		HideSolutionNode = FALSE
	EndGlobalSection
	GlobalSection(ExtensibilityGlobals) = postSolution
		SolutionGuid = {7440DAA7-5D76-42D3-83F4-50FBA387219D}
	EndGlobalSection
EndGlobal
